{
  "version": 4,
  "terraform_version": "0.14.2",
  "serial": 187,
  "lineage": "47c1767b-f7a1-99ba-affb-792688abedea",
  "outputs": {
    "ips": {
      "value": [
        []
      ],
      "type": [
        "tuple",
        [
          [
            "list",
            "string"
          ]
        ]
      ]
    }
  },
  "resources": [
    {
      "mode": "data",
      "type": "template_file",
      "name": "user_data",
      "provider": "provider[\"registry.terraform.io/hashicorp/template\"]",
      "instances": [
        {
          "schema_version": 0,
          "attributes": {
            "filename": null,
            "id": "4f5745842b481d5ed083c199e282c3534435959e39bf6e77623e815fe384e724",
            "rendered": "#cloud-config\n# vim: syntax=yaml\n#\n# ***********************\n#       ---- for more examples look at: ------\n# ---\u003e https://cloudinit.readthedocs.io/en/latest/topics/examples.html\n# ******************************\n#\n# This is the configuration syntax that the write_files module\n# will know how to understand. encoding can be given b64 or gzip or (gz+b64).\n# The content will be decoded accordingly and then written to the path that is\n# provided.\n#\n# Note: Content strings here are truncated for example purposes.\npreserve_hostname: false\nhostname: ubuntuterra\nfqdn: ubuntuterra.local\nmanage_etc_hosts: true\nssh_pwauth: True\nchpasswd:\n  list: |\n     root:nrarun\n  expire: False\n\nlogcfg: |\n [loggers]\n keys=root,cloudinit\n [handlers]\n keys=ch,cf\n [formatters]\n keys=\n [logger_root]\n level=DEBUG\n handlers=\n [logger_cloudinit]\n level=DEBUG\n qualname=cloudinit\n handlers=ch,cf\n [handler_ch]\n class=StreamHandler\n level=DEBUG\n args=(sys.stderr,)\n [handler_cf]\n class=FileHandler\n level=DEBUG\n args=('/tmp/my.log',)\n",
            "template": "#cloud-config\n# vim: syntax=yaml\n#\n# ***********************\n#       ---- for more examples look at: ------\n# ---\u003e https://cloudinit.readthedocs.io/en/latest/topics/examples.html\n# ******************************\n#\n# This is the configuration syntax that the write_files module\n# will know how to understand. encoding can be given b64 or gzip or (gz+b64).\n# The content will be decoded accordingly and then written to the path that is\n# provided.\n#\n# Note: Content strings here are truncated for example purposes.\npreserve_hostname: false\nhostname: ubuntuterra\nfqdn: ubuntuterra.local\nmanage_etc_hosts: true\nssh_pwauth: True\nchpasswd:\n  list: |\n     root:nrarun\n  expire: False\n\nlogcfg: |\n [loggers]\n keys=root,cloudinit\n [handlers]\n keys=ch,cf\n [formatters]\n keys=\n [logger_root]\n level=DEBUG\n handlers=\n [logger_cloudinit]\n level=DEBUG\n qualname=cloudinit\n handlers=ch,cf\n [handler_ch]\n class=StreamHandler\n level=DEBUG\n args=(sys.stderr,)\n [handler_cf]\n class=FileHandler\n level=DEBUG\n args=('/tmp/my.log',)\n",
            "vars": null
          },
          "sensitive_attributes": []
        }
      ]
    },
    {
      "mode": "managed",
      "type": "libvirt_cloudinit_disk",
      "name": "commoninit",
      "provider": "provider[\"registry.terraform.io/dmacvicar/libvirt\"]",
      "instances": [
        {
          "schema_version": 0,
          "attributes": {
            "id": "/var/lib/libvirt/images/commoninit.iso;5fda4f78-9a01-768f-9429-31845061d37f",
            "meta_data": "",
            "name": "commoninit.iso",
            "network_config": "",
            "pool": "images",
            "user_data": "#cloud-config\n# vim: syntax=yaml\n#\n# ***********************\n#       ---- for more examples look at: ------\n# ---\u003e https://cloudinit.readthedocs.io/en/latest/topics/examples.html\n# ******************************\n#\n# This is the configuration syntax that the write_files module\n# will know how to understand. encoding can be given b64 or gzip or (gz+b64).\n# The content will be decoded accordingly and then written to the path that is\n# provided.\n#\n# Note: Content strings here are truncated for example purposes.\npreserve_hostname: false\nhostname: ubuntuterra\nfqdn: ubuntuterra.local\nmanage_etc_hosts: true\nssh_pwauth: True\nchpasswd:\n  list: |\n     root:nrarun\n  expire: False\n\nlogcfg: |\n [loggers]\n keys=root,cloudinit\n [handlers]\n keys=ch,cf\n [formatters]\n keys=\n [logger_root]\n level=DEBUG\n handlers=\n [logger_cloudinit]\n level=DEBUG\n qualname=cloudinit\n handlers=ch,cf\n [handler_ch]\n class=StreamHandler\n level=DEBUG\n args=(sys.stderr,)\n [handler_cf]\n class=FileHandler\n level=DEBUG\n args=('/tmp/my.log',)\n"
          },
          "sensitive_attributes": [],
          "private": "bnVsbA==",
          "dependencies": [
            "data.template_file.user_data"
          ]
        }
      ]
    },
    {
      "mode": "managed",
      "type": "libvirt_domain",
      "name": "db1",
      "provider": "provider[\"registry.terraform.io/dmacvicar/libvirt\"]",
      "instances": [
        {
          "schema_version": 0,
          "attributes": {
            "arch": "x86_64",
            "autostart": false,
            "boot_device": [],
            "cloudinit": "/var/lib/libvirt/images/commoninit.iso;5fda4f78-9a01-768f-9429-31845061d37f",
            "cmdline": null,
            "console": [
              {
                "source_host": "127.0.0.1",
                "source_path": "",
                "source_service": "0",
                "target_port": "0",
                "target_type": "serial",
                "type": "pty"
              }
            ],
            "coreos_ignition": null,
            "cpu": null,
            "description": "",
            "disk": [
              {
                "block_device": "",
                "file": "",
                "scsi": false,
                "url": "",
                "volume_id": "/var/lib/libvirt/images/centos7.qcow2",
                "wwn": ""
              }
            ],
            "emulator": "/usr/bin/kvm-spice",
            "filesystem": [],
            "firmware": "",
            "fw_cfg_name": "opt/com.coreos/config",
            "graphics": [
              {
                "autoport": true,
                "listen_address": "127.0.0.1",
                "listen_type": "address",
                "type": "spice"
              }
            ],
            "id": "98001c79-26aa-4277-8d88-922b52af25c4",
            "initrd": "",
            "kernel": "",
            "machine": "ubuntu",
            "memory": 1024,
            "metadata": null,
            "name": "db1",
            "network_interface": [
              {
                "addresses": [],
                "bridge": "",
                "hostname": "",
                "mac": "52:54:00:76:EB:7C",
                "macvtap": "",
                "network_id": "e3eaad59-de1e-4741-bfd0-8734935eea2c",
                "network_name": "default",
                "passthrough": "",
                "vepa": "",
                "wait_for_lease": false
              }
            ],
            "nvram": [],
            "qemu_agent": false,
            "running": true,
            "timeouts": null,
            "vcpu": 1,
            "video": [],
            "xml": []
          },
          "sensitive_attributes": [],
          "private": "eyJlMmJmYjczMC1lY2FhLTExZTYtOGY4OC0zNDM2M2JjN2M0YzAiOnsiY3JlYXRlIjozMDAwMDAwMDAwMDB9fQ==",
          "dependencies": [
            "data.template_file.user_data",
            "libvirt_cloudinit_disk.commoninit",
            "libvirt_volume.base-centos7-qcow2",
            "libvirt_volume.centos7-qcow2"
          ]
        }
      ]
    },
    {
      "mode": "managed",
      "type": "libvirt_volume",
      "name": "base-centos7-qcow2",
      "provider": "provider[\"registry.terraform.io/dmacvicar/libvirt\"]",
      "instances": [
        {
          "schema_version": 0,
          "attributes": {
            "base_volume_id": null,
            "base_volume_name": null,
            "base_volume_pool": null,
            "format": "qcow2",
            "id": "/var/lib/libvirt/images/CentOS-7-x86_64-GenericCloud.qcow2",
            "name": "CentOS-7-x86_64-GenericCloud.qcow2",
            "pool": "images",
            "size": 8589934592,
            "source": "./CentOS-7-x86_64-GenericCloud.qcow2",
            "xml": []
          },
          "sensitive_attributes": [],
          "private": "bnVsbA=="
        }
      ]
    },
    {
      "mode": "managed",
      "type": "libvirt_volume",
      "name": "centos7-qcow2",
      "provider": "provider[\"registry.terraform.io/dmacvicar/libvirt\"]",
      "instances": [
        {
          "schema_version": 0,
          "attributes": {
            "base_volume_id": "/var/lib/libvirt/images/CentOS-7-x86_64-GenericCloud.qcow2",
            "base_volume_name": null,
            "base_volume_pool": null,
            "format": "qcow2",
            "id": "/var/lib/libvirt/images/centos7.qcow2",
            "name": "centos7.qcow2",
            "pool": "images",
            "size": 21474836480,
            "source": null,
            "xml": []
          },
          "sensitive_attributes": [],
          "private": "bnVsbA==",
          "dependencies": [
            "libvirt_volume.base-centos7-qcow2"
          ]
        }
      ]
    }
  ]
}
